
Microsoft Visual Studio Solution File, Format Version 12.00
# Visual Studio Version 16
VisualStudioVersion = 16.0.30611.23
MinimumVisualStudioVersion = 10.0.40219.1
Project("{FAE04EC0-301F-11D3-BF4B-00C04F79EFBC}") = "United Youth Orchestra with API", "United Youth Orchestra with API\United Youth Orchestra with API.csproj", "{9FB7F3BA-7BE4-4253-B661-26BD5AC22189}"
EndProject
Global
	GlobalSection(SolutionConfigurationPlatforms) = preSolution
		Debug|Any CPU = Debug|Any CPU
		Release|Any CPU = Release|Any CPU
	EndGlobalSection
	GlobalSection(ProjectConfigurationPlatforms) = postSolution
		{9FB7F3BA-7BE4-4253-B661-26BD5AC22189}.Debug|Any CPU.ActiveCfg = Debug|Any CPU
		{9FB7F3BA-7BE4-4253-B661-26BD5AC22189}.Debug|Any CPU.Build.0 = Debug|Any CPU
		{9FB7F3BA-7BE4-4253-B661-26BD5AC22189}.Release|Any CPU.ActiveCfg = Release|Any CPU
		{9FB7F3BA-7BE4-4253-B661-26BD5AC22189}.Release|Any CPU.Build.0 = Release|Any CPU
	EndGlobalSection
	GlobalSection(SolutionProperties) = preSolution
		HideSolutionNode = FALSE
	EndGlobalSection
	GlobalSection(ExtensibilityGlobals) = postSolution
		SolutionGuid = {BB9B4DD2-6B71-45B6-B3F2-EF00F853F0FA}
	EndGlobalSection
EndGlobal
